
Microsoft Visual Studio Solution File, Format Version 12.00
# Visual Studio Version 17
VisualStudioVersion = 17.3.32929.385
MinimumVisualStudioVersion = 10.0.40219.1
Project("{9A19103F-16F7-4668-BE54-9A1E7A4F7556}") = "Stage0", "Stage0\Stage0.csproj", "{451802AE-5304-449D-BE70-6E693110ADE4}"
EndProject
Project("{2150E333-8FDC-42A3-9474-1A3956D46DE8}") = "Solution Items", "Solution Items", "{9B39CEE3-AEE1-47F9-BFFC-E84AF5797272}"
	ProjectSection(SolutionItems) = preProject
		..\README.md = ..\README.md
	EndProjectSection
EndProject
Project("{FAE04EC0-301F-11D3-BF4B-00C04F79EFBC}") = "DalFacade", "DalFacade\DalFacade.csproj", "{D6BC03D5-3DF9-4C88-BE9D-981A76F935D4}"
EndProject
Project("{FAE04EC0-301F-11D3-BF4B-00C04F79EFBC}") = "DalList", "DalList\DalList.csproj", "{AFCD346A-40BE-45CA-9482-BD0F5320F089}"
EndProject
Project("{FAE04EC0-301F-11D3-BF4B-00C04F79EFBC}") = "DalTest", "DalTest\DalTest.csproj", "{02C7EBFE-7AF4-4D26-82D5-E4E103857EDA}"
EndProject
Global
	GlobalSection(SolutionConfigurationPlatforms) = preSolution
		Debug|Any CPU = Debug|Any CPU
		Release|Any CPU = Release|Any CPU
	EndGlobalSection
	GlobalSection(ProjectConfigurationPlatforms) = postSolution
		{451802AE-5304-449D-BE70-6E693110ADE4}.Debug|Any CPU.ActiveCfg = Debug|Any CPU
		{451802AE-5304-449D-BE70-6E693110ADE4}.Debug|Any CPU.Build.0 = Debug|Any CPU
		{451802AE-5304-449D-BE70-6E693110ADE4}.Release|Any CPU.ActiveCfg = Release|Any CPU
		{451802AE-5304-449D-BE70-6E693110ADE4}.Release|Any CPU.Build.0 = Release|Any CPU
		{D6BC03D5-3DF9-4C88-BE9D-981A76F935D4}.Debug|Any CPU.ActiveCfg = Debug|Any CPU
		{D6BC03D5-3DF9-4C88-BE9D-981A76F935D4}.Debug|Any CPU.Build.0 = Debug|Any CPU
		{D6BC03D5-3DF9-4C88-BE9D-981A76F935D4}.Release|Any CPU.ActiveCfg = Release|Any CPU
		{D6BC03D5-3DF9-4C88-BE9D-981A76F935D4}.Release|Any CPU.Build.0 = Release|Any CPU
		{AFCD346A-40BE-45CA-9482-BD0F5320F089}.Debug|Any CPU.ActiveCfg = Debug|Any CPU
		{AFCD346A-40BE-45CA-9482-BD0F5320F089}.Debug|Any CPU.Build.0 = Debug|Any CPU
		{AFCD346A-40BE-45CA-9482-BD0F5320F089}.Release|Any CPU.ActiveCfg = Release|Any CPU
		{AFCD346A-40BE-45CA-9482-BD0F5320F089}.Release|Any CPU.Build.0 = Release|Any CPU
		{02C7EBFE-7AF4-4D26-82D5-E4E103857EDA}.Debug|Any CPU.ActiveCfg = Debug|Any CPU
		{02C7EBFE-7AF4-4D26-82D5-E4E103857EDA}.Debug|Any CPU.Build.0 = Debug|Any CPU
		{02C7EBFE-7AF4-4D26-82D5-E4E103857EDA}.Release|Any CPU.ActiveCfg = Release|Any CPU
		{02C7EBFE-7AF4-4D26-82D5-E4E103857EDA}.Release|Any CPU.Build.0 = Release|Any CPU
	EndGlobalSection
	GlobalSection(SolutionProperties) = preSolution
		HideSolutionNode = FALSE
	EndGlobalSection
	GlobalSection(ExtensibilityGlobals) = postSolution
		SolutionGuid = {E8CA798A-D117-4A60-943C-D5D60ECD65BD}
	EndGlobalSection
EndGlobal
